
Microsoft Visual Studio Solution File, Format Version 12.00
# Visual Studio Version 17
VisualStudioVersion = 17.13.35913.81 d17.13
MinimumVisualStudioVersion = 10.0.40219.1
Project("{FAE04EC0-301F-11D3-BF4B-00C04F79EFBC}") = "Bank App", "Bank App\Bank App.csproj", "{9D1AA074-4B5C-4E86-86EC-BE05B33AEDFB}"
EndProject
Global
	GlobalSection(SolutionConfigurationPlatforms) = preSolution
		Debug|Any CPU = Debug|Any CPU
		Release|Any CPU = Release|Any CPU
	EndGlobalSection
	GlobalSection(ProjectConfigurationPlatforms) = postSolution
		{9D1AA074-4B5C-4E86-86EC-BE05B33AEDFB}.Debug|Any CPU.ActiveCfg = Debug|Any CPU
		{9D1AA074-4B5C-4E86-86EC-BE05B33AEDFB}.Debug|Any CPU.Build.0 = Debug|Any CPU
		{9D1AA074-4B5C-4E86-86EC-BE05B33AEDFB}.Release|Any CPU.ActiveCfg = Release|Any CPU
		{9D1AA074-4B5C-4E86-86EC-BE05B33AEDFB}.Release|Any CPU.Build.0 = Release|Any CPU
	EndGlobalSection
	GlobalSection(SolutionProperties) = preSolution
		HideSolutionNode = FALSE
	EndGlobalSection
	GlobalSection(ExtensibilityGlobals) = postSolution
		SolutionGuid = {BE59ADAD-6CA9-4C0C-A0FD-30522D627D8C}
	EndGlobalSection
EndGlobal
